
Microsoft Visual Studio Solution File, Format Version 12.00
# Visual Studio 2012
Project("{FAE04EC0-301F-11D3-BF4B-00C04F79EFBC}") = "MedPerformanceMonitor", "MedPerformanceMonitor\MedPerformanceMonitor.csproj", "{A90E07EF-0742-407D-B49A-116B1DE35CDF}"
EndProject
Global
	GlobalSection(SolutionConfigurationPlatforms) = preSolution
		Debug|Any CPU = Debug|Any CPU
		Release|Any CPU = Release|Any CPU
	EndGlobalSection
	GlobalSection(ProjectConfigurationPlatforms) = postSolution
		{A90E07EF-0742-407D-B49A-116B1DE35CDF}.Debug|Any CPU.ActiveCfg = Debug|Any CPU
		{A90E07EF-0742-407D-B49A-116B1DE35CDF}.Debug|Any CPU.Build.0 = Debug|Any CPU
		{A90E07EF-0742-407D-B49A-116B1DE35CDF}.Release|Any CPU.ActiveCfg = Release|Any CPU
		{A90E07EF-0742-407D-B49A-116B1DE35CDF}.Release|Any CPU.Build.0 = Release|Any CPU
	EndGlobalSection
	GlobalSection(SolutionProperties) = preSolution
		HideSolutionNode = FALSE
	EndGlobalSection
EndGlobal
